
Microsoft Visual Studio Solution File, Format Version 12.00
# Visual Studio Version 16
VisualStudioVersion = 16.0.30709.64
MinimumVisualStudioVersion = 10.0.40219.1
Project("{9A19103F-16F7-4668-BE54-9A1E7A4F7556}") = "IEvangelist.Blazing.WarFleet.Server", "IEvangelist.Blazing.WarFleet\Server\IEvangelist.Blazing.WarFleet.Server.csproj", "{A3DECA69-7C48-47A5-B2EB-D256A0E0FB5F}"
EndProject
Project("{9A19103F-16F7-4668-BE54-9A1E7A4F7556}") = "IEvangelist.Blazing.WarFleet.Client", "IEvangelist.Blazing.WarFleet\Client\IEvangelist.Blazing.WarFleet.Client.csproj", "{A60E10E3-5D78-4C7D-8254-2429E3E3A692}"
EndProject
Project("{9A19103F-16F7-4668-BE54-9A1E7A4F7556}") = "IEvangelist.Blazing.WarFleet.Shared", "IEvangelist.Blazing.WarFleet\Shared\IEvangelist.Blazing.WarFleet.Shared.csproj", "{D5E4376E-15E2-496D-A5E7-6962C4A9216F}"
EndProject
Project("{9A19103F-16F7-4668-BE54-9A1E7A4F7556}") = "IEvangelist.Blazing.WarFleet.Server.Tests", "IEvangelist.Blazing.WarFleet\IEvangelist.Blazing.WarFleet.Server.Tests\IEvangelist.Blazing.WarFleet.Server.Tests.csproj", "{3139A44F-81D7-46E2-8ED4-5F4C4EE698B3}"
EndProject
Project("{9A19103F-16F7-4668-BE54-9A1E7A4F7556}") = "IEvangelist.Blazing.WarFleet.Shared.Tests", "IEvangelist.Blazing.WarFleet\IEvangelist.Blazing.WarFleet.Shared.Tests\IEvangelist.Blazing.WarFleet.Shared.Tests.csproj", "{3AB4313A-12DB-4DD6-A0E5-6EF5A4709A94}"
EndProject
Project("{2150E333-8FDC-42A3-9474-1A3956D46DE8}") = "src", "src", "{C7DEB11F-EECB-4B01-8997-62D570C82B0F}"
EndProject
Project("{2150E333-8FDC-42A3-9474-1A3956D46DE8}") = "test", "test", "{5D758254-45DE-4D79-996D-8D39246671F7}"
EndProject
Project("{2150E333-8FDC-42A3-9474-1A3956D46DE8}") = "Solution Items", "Solution Items", "{3E198B14-6DAA-47C6-A462-9F18A709516F}"
	ProjectSection(SolutionItems) = preProject
		.editorconfig = .editorconfig
		.gitignore = .gitignore
	EndProjectSection
EndProject
Project("{9A19103F-16F7-4668-BE54-9A1E7A4F7556}") = "IEvangelist.Blazing.WarFleet.Client.Tests", "IEvangelist.Blazing.WarFleet\IEvangelist.Blazing.WarFleet.Client.Tests\IEvangelist.Blazing.WarFleet.Client.Tests.csproj", "{0B1B9894-E451-4AC4-83C0-9756476FA3C4}"
EndProject
Global
	GlobalSection(SolutionConfigurationPlatforms) = preSolution
		Debug|Any CPU = Debug|Any CPU
		Release|Any CPU = Release|Any CPU
	EndGlobalSection
	GlobalSection(ProjectConfigurationPlatforms) = postSolution
		{A3DECA69-7C48-47A5-B2EB-D256A0E0FB5F}.Debug|Any CPU.ActiveCfg = Debug|Any CPU
		{A3DECA69-7C48-47A5-B2EB-D256A0E0FB5F}.Debug|Any CPU.Build.0 = Debug|Any CPU
		{A3DECA69-7C48-47A5-B2EB-D256A0E0FB5F}.Release|Any CPU.ActiveCfg = Release|Any CPU
		{A3DECA69-7C48-47A5-B2EB-D256A0E0FB5F}.Release|Any CPU.Build.0 = Release|Any CPU
		{A60E10E3-5D78-4C7D-8254-2429E3E3A692}.Debug|Any CPU.ActiveCfg = Debug|Any CPU
		{A60E10E3-5D78-4C7D-8254-2429E3E3A692}.Debug|Any CPU.Build.0 = Debug|Any CPU
		{A60E10E3-5D78-4C7D-8254-2429E3E3A692}.Release|Any CPU.ActiveCfg = Release|Any CPU
		{A60E10E3-5D78-4C7D-8254-2429E3E3A692}.Release|Any CPU.Build.0 = Release|Any CPU
		{D5E4376E-15E2-496D-A5E7-6962C4A9216F}.Debug|Any CPU.ActiveCfg = Debug|Any CPU
		{D5E4376E-15E2-496D-A5E7-6962C4A9216F}.Debug|Any CPU.Build.0 = Debug|Any CPU
		{D5E4376E-15E2-496D-A5E7-6962C4A9216F}.Release|Any CPU.ActiveCfg = Release|Any CPU
		{D5E4376E-15E2-496D-A5E7-6962C4A9216F}.Release|Any CPU.Build.0 = Release|Any CPU
		{3139A44F-81D7-46E2-8ED4-5F4C4EE698B3}.Debug|Any CPU.ActiveCfg = Debug|Any CPU
		{3139A44F-81D7-46E2-8ED4-5F4C4EE698B3}.Debug|Any CPU.Build.0 = Debug|Any CPU
		{3139A44F-81D7-46E2-8ED4-5F4C4EE698B3}.Release|Any CPU.ActiveCfg = Release|Any CPU
		{3139A44F-81D7-46E2-8ED4-5F4C4EE698B3}.Release|Any CPU.Build.0 = Release|Any CPU
		{3AB4313A-12DB-4DD6-A0E5-6EF5A4709A94}.Debug|Any CPU.ActiveCfg = Debug|Any CPU
		{3AB4313A-12DB-4DD6-A0E5-6EF5A4709A94}.Debug|Any CPU.Build.0 = Debug|Any CPU
		{3AB4313A-12DB-4DD6-A0E5-6EF5A4709A94}.Release|Any CPU.ActiveCfg = Release|Any CPU
		{3AB4313A-12DB-4DD6-A0E5-6EF5A4709A94}.Release|Any CPU.Build.0 = Release|Any CPU
		{0B1B9894-E451-4AC4-83C0-9756476FA3C4}.Debug|Any CPU.ActiveCfg = Debug|Any CPU
		{0B1B9894-E451-4AC4-83C0-9756476FA3C4}.Debug|Any CPU.Build.0 = Debug|Any CPU
		{0B1B9894-E451-4AC4-83C0-9756476FA3C4}.Release|Any CPU.ActiveCfg = Release|Any CPU
		{0B1B9894-E451-4AC4-83C0-9756476FA3C4}.Release|Any CPU.Build.0 = Release|Any CPU
	EndGlobalSection
	GlobalSection(SolutionProperties) = preSolution
		HideSolutionNode = FALSE
	EndGlobalSection
	GlobalSection(NestedProjects) = preSolution
		{A3DECA69-7C48-47A5-B2EB-D256A0E0FB5F} = {C7DEB11F-EECB-4B01-8997-62D570C82B0F}
		{A60E10E3-5D78-4C7D-8254-2429E3E3A692} = {C7DEB11F-EECB-4B01-8997-62D570C82B0F}
		{D5E4376E-15E2-496D-A5E7-6962C4A9216F} = {C7DEB11F-EECB-4B01-8997-62D570C82B0F}
		{3139A44F-81D7-46E2-8ED4-5F4C4EE698B3} = {5D758254-45DE-4D79-996D-8D39246671F7}
		{3AB4313A-12DB-4DD6-A0E5-6EF5A4709A94} = {5D758254-45DE-4D79-996D-8D39246671F7}
		{0B1B9894-E451-4AC4-83C0-9756476FA3C4} = {5D758254-45DE-4D79-996D-8D39246671F7}
	EndGlobalSection
	GlobalSection(ExtensibilityGlobals) = postSolution
		SolutionGuid = {AC44BB18-5472-4439-A68C-62684065118F}
	EndGlobalSection
EndGlobal
